PODS:
  - Branch (0.12.2):
    - Branch/Core (= 0.12.2)
    - Branch/without-IDFA (= 0.12.2)
  - Branch/Core (0.12.2)
  - Branch/without-IDFA (0.12.2)
  - fanbeat-ios-sdk (0.1.0):
    - Branch (~> 0.12)

DEPENDENCIES:
  - fanbeat-ios-sdk (from `../`)

EXTERNAL SOURCES:
  fanbeat-ios-sdk:
    :path: ../

SPEC CHECKSUMS:
  Branch: 8dc4c9b6c3bcdc6ad590938a0b333ddbfe60efe4
  fanbeat-ios-sdk: fa1a91ba195d4f7ea7eb0c2193fc29585c84bd95

PODFILE CHECKSUM: d73dea0ec50a433435b21a71033fdc4bc0ddf1a9

COCOAPODS: 1.0.1
