PODS:
  - Branch (0.12.2):
    - Branch/Core (= 0.12.2)
    - Branch/without-IDFA (= 0.12.2)
  - Branch/Core (0.12.2)
  - Branch/without-IDFA (0.12.2)
  - FanBeat (0.1.0):
    - Branch (~> 0.12)

DEPENDENCIES:
  - FanBeat (from `../`)

EXTERNAL SOURCES:
  FanBeat:
    :path: ../

SPEC CHECKSUMS:
  Branch: 8dc4c9b6c3bcdc6ad590938a0b333ddbfe60efe4
  FanBeat: 2d30168e82b28d9b715d7f5f9e5ff4169b149e48

PODFILE CHECKSUM: 8aa950039cdea9c6a3e08f32b5a872cecbcbb63e

COCOAPODS: 1.0.1
